
Microsoft Visual Studio Solution File, Format Version 12.00
# Visual Studio Version 17
VisualStudioVersion = 17.5.33414.496
MinimumVisualStudioVersion = 10.0.40219.1
Project("{8BC9CEB8-8B4A-11D0-8D11-00A0C91BC942}") = "2.11.4_Class hierarchy DLL", "2.11.4_Class hierarchy DLL\2.11.4_Class hierarchy DLL.vcxproj", "{FC5B91EA-A03A-4631-9460-CC055962B75E}"
EndProject
Project("{8BC9CEB8-8B4A-11D0-8D11-00A0C91BC942}") = "Class_hierarchy_client", "Class_hierarchy_client\Class_hierarchy_client.vcxproj", "{8D83F6D4-BC51-49CE-87DA-B200D79E2A1F}"
EndProject
Global
	GlobalSection(SolutionConfigurationPlatforms) = preSolution
		Debug|x64 = Debug|x64
		Debug|x86 = Debug|x86
		Release|x64 = Release|x64
		Release|x86 = Release|x86
	EndGlobalSection
	GlobalSection(ProjectConfigurationPlatforms) = postSolution
		{FC5B91EA-A03A-4631-9460-CC055962B75E}.Debug|x64.ActiveCfg = Debug|x64
		{FC5B91EA-A03A-4631-9460-CC055962B75E}.Debug|x64.Build.0 = Debug|x64
		{FC5B91EA-A03A-4631-9460-CC055962B75E}.Debug|x86.ActiveCfg = Debug|Win32
		{FC5B91EA-A03A-4631-9460-CC055962B75E}.Debug|x86.Build.0 = Debug|Win32
		{FC5B91EA-A03A-4631-9460-CC055962B75E}.Release|x64.ActiveCfg = Release|x64
		{FC5B91EA-A03A-4631-9460-CC055962B75E}.Release|x64.Build.0 = Release|x64
		{FC5B91EA-A03A-4631-9460-CC055962B75E}.Release|x86.ActiveCfg = Release|Win32
		{FC5B91EA-A03A-4631-9460-CC055962B75E}.Release|x86.Build.0 = Release|Win32
		{8D83F6D4-BC51-49CE-87DA-B200D79E2A1F}.Debug|x64.ActiveCfg = Debug|x64
		{8D83F6D4-BC51-49CE-87DA-B200D79E2A1F}.Debug|x64.Build.0 = Debug|x64
		{8D83F6D4-BC51-49CE-87DA-B200D79E2A1F}.Debug|x86.ActiveCfg = Debug|Win32
		{8D83F6D4-BC51-49CE-87DA-B200D79E2A1F}.Debug|x86.Build.0 = Debug|Win32
		{8D83F6D4-BC51-49CE-87DA-B200D79E2A1F}.Release|x64.ActiveCfg = Release|x64
		{8D83F6D4-BC51-49CE-87DA-B200D79E2A1F}.Release|x64.Build.0 = Release|x64
		{8D83F6D4-BC51-49CE-87DA-B200D79E2A1F}.Release|x86.ActiveCfg = Release|Win32
		{8D83F6D4-BC51-49CE-87DA-B200D79E2A1F}.Release|x86.Build.0 = Release|Win32
	EndGlobalSection
	GlobalSection(SolutionProperties) = preSolution
		HideSolutionNode = FALSE
	EndGlobalSection
	GlobalSection(ExtensibilityGlobals) = postSolution
		SolutionGuid = {5A320EF6-4CBE-443B-8A87-ACA8A55D3579}
	EndGlobalSection
EndGlobal
